
Microsoft Visual Studio Solution File, Format Version 12.00
# Visual Studio 15
VisualStudioVersion = 15.0.27428.2002
MinimumVisualStudioVersion = 10.0.40219.1
Project("{9A19103F-16F7-4668-BE54-9A1E7A4F7556}") = "alulaTest", "alulaTest.csproj", "{4588FA4B-8F96-4F2C-9CFF-61162300D3ED}"
EndProject
Global
	GlobalSection(SolutionConfigurationPlatforms) = preSolution
		Debug|Any CPU = Debug|Any CPU
		Release|Any CPU = Release|Any CPU
	EndGlobalSection
	GlobalSection(ProjectConfigurationPlatforms) = postSolution
		{4588FA4B-8F96-4F2C-9CFF-61162300D3ED}.Debug|Any CPU.ActiveCfg = Debug|Any CPU
		{4588FA4B-8F96-4F2C-9CFF-61162300D3ED}.Debug|Any CPU.Build.0 = Debug|Any CPU
		{4588FA4B-8F96-4F2C-9CFF-61162300D3ED}.Release|Any CPU.ActiveCfg = Release|Any CPU
		{4588FA4B-8F96-4F2C-9CFF-61162300D3ED}.Release|Any CPU.Build.0 = Release|Any CPU
	EndGlobalSection
	GlobalSection(SolutionProperties) = preSolution
		HideSolutionNode = FALSE
	EndGlobalSection
	GlobalSection(ExtensibilityGlobals) = postSolution
		SolutionGuid = {C1CF25EB-C440-4C60-9D59-20DCAD9B7CE5}
	EndGlobalSection
EndGlobal
